
Microsoft Visual Studio Solution File, Format Version 12.00
# Visual Studio Version 16
VisualStudioVersion = 16.0.31911.196
MinimumVisualStudioVersion = 10.0.40219.1
Project("{9A19103F-16F7-4668-BE54-9A1E7A4F7556}") = "labs", "labs\labs.csproj", "{BECACCA0-351A-483D-A9D9-CC456CA1FCF9}"
EndProject
Project("{9A19103F-16F7-4668-BE54-9A1E7A4F7556}") = "labs234", "labs234\labs234.csproj", "{11EBD97B-D35A-40A2-8BF4-0F3F96821B14}"
EndProject
Project("{FAE04EC0-301F-11D3-BF4B-00C04F79EFBC}") = "garage", "garage\garage.csproj", "{7DD3CDD9-1B48-430F-BDF2-860087A07519}"
EndProject
Global
	GlobalSection(SolutionConfigurationPlatforms) = preSolution
		Debug|Any CPU = Debug|Any CPU
		Release|Any CPU = Release|Any CPU
	EndGlobalSection
	GlobalSection(ProjectConfigurationPlatforms) = postSolution
		{BECACCA0-351A-483D-A9D9-CC456CA1FCF9}.Debug|Any CPU.ActiveCfg = Debug|Any CPU
		{BECACCA0-351A-483D-A9D9-CC456CA1FCF9}.Debug|Any CPU.Build.0 = Debug|Any CPU
		{BECACCA0-351A-483D-A9D9-CC456CA1FCF9}.Release|Any CPU.ActiveCfg = Release|Any CPU
		{BECACCA0-351A-483D-A9D9-CC456CA1FCF9}.Release|Any CPU.Build.0 = Release|Any CPU
		{11EBD97B-D35A-40A2-8BF4-0F3F96821B14}.Debug|Any CPU.ActiveCfg = Debug|Any CPU
		{11EBD97B-D35A-40A2-8BF4-0F3F96821B14}.Debug|Any CPU.Build.0 = Debug|Any CPU
		{11EBD97B-D35A-40A2-8BF4-0F3F96821B14}.Release|Any CPU.ActiveCfg = Release|Any CPU
		{11EBD97B-D35A-40A2-8BF4-0F3F96821B14}.Release|Any CPU.Build.0 = Release|Any CPU
		{7DD3CDD9-1B48-430F-BDF2-860087A07519}.Debug|Any CPU.ActiveCfg = Debug|Any CPU
		{7DD3CDD9-1B48-430F-BDF2-860087A07519}.Debug|Any CPU.Build.0 = Debug|Any CPU
		{7DD3CDD9-1B48-430F-BDF2-860087A07519}.Release|Any CPU.ActiveCfg = Release|Any CPU
		{7DD3CDD9-1B48-430F-BDF2-860087A07519}.Release|Any CPU.Build.0 = Release|Any CPU
	EndGlobalSection
	GlobalSection(SolutionProperties) = preSolution
		HideSolutionNode = FALSE
	EndGlobalSection
	GlobalSection(ExtensibilityGlobals) = postSolution
		SolutionGuid = {F777D5EA-D7D6-4F6D-912D-929D870471AE}
	EndGlobalSection
EndGlobal
